
Microsoft Visual Studio Solution File, Format Version 12.00
# Visual Studio 2012
Project("{FAE04EC0-301F-11D3-BF4B-00C04F79EFBC}") = "LocalIM", "LocalIM.csproj", "{FA6BE625-DC98-4F0A-A59A-2D226EDE5597}"
EndProject
Project("{FAE04EC0-301F-11D3-BF4B-00C04F79EFBC}") = "LocalIM.Network", "..\LocalIM.Network\LocalIM.Network.csproj", "{FB8BF595-CF77-441D-8E98-01E7DF2F31AA}"
EndProject
Global
	GlobalSection(SolutionConfigurationPlatforms) = preSolution
		Debug|Any CPU = Debug|Any CPU
		Release|Any CPU = Release|Any CPU
	EndGlobalSection
	GlobalSection(ProjectConfigurationPlatforms) = postSolution
		{FA6BE625-DC98-4F0A-A59A-2D226EDE5597}.Debug|Any CPU.ActiveCfg = Debug|Any CPU
		{FA6BE625-DC98-4F0A-A59A-2D226EDE5597}.Debug|Any CPU.Build.0 = Debug|Any CPU
		{FA6BE625-DC98-4F0A-A59A-2D226EDE5597}.Release|Any CPU.ActiveCfg = Release|Any CPU
		{FA6BE625-DC98-4F0A-A59A-2D226EDE5597}.Release|Any CPU.Build.0 = Release|Any CPU
		{FB8BF595-CF77-441D-8E98-01E7DF2F31AA}.Debug|Any CPU.ActiveCfg = Debug|Any CPU
		{FB8BF595-CF77-441D-8E98-01E7DF2F31AA}.Debug|Any CPU.Build.0 = Debug|Any CPU
		{FB8BF595-CF77-441D-8E98-01E7DF2F31AA}.Release|Any CPU.ActiveCfg = Release|Any CPU
		{FB8BF595-CF77-441D-8E98-01E7DF2F31AA}.Release|Any CPU.Build.0 = Release|Any CPU
	EndGlobalSection
	GlobalSection(SolutionProperties) = preSolution
		HideSolutionNode = FALSE
	EndGlobalSection
EndGlobal
